
Microsoft Visual Studio Solution File, Format Version 12.00
# Visual Studio 15
VisualStudioVersion = 15.0.27703.2026
MinimumVisualStudioVersion = 10.0.40219.1
Project("{F184B08F-C81C-45F6-A57F-5ABD9991F28F}") = "SIMCAT160", "SIMCAT160.vbproj", "{4F2372FC-2517-4E44-ADA7-C954197C9DE8}"
EndProject
Global
	GlobalSection(SolutionConfigurationPlatforms) = preSolution
		Debug|Any CPU = Debug|Any CPU
		Release|Any CPU = Release|Any CPU
	EndGlobalSection
	GlobalSection(ProjectConfigurationPlatforms) = postSolution
		{4F2372FC-2517-4E44-ADA7-C954197C9DE8}.Debug|Any CPU.ActiveCfg = Debug|Any CPU
		{4F2372FC-2517-4E44-ADA7-C954197C9DE8}.Debug|Any CPU.Build.0 = Debug|Any CPU
		{4F2372FC-2517-4E44-ADA7-C954197C9DE8}.Release|Any CPU.ActiveCfg = Release|Any CPU
		{4F2372FC-2517-4E44-ADA7-C954197C9DE8}.Release|Any CPU.Build.0 = Release|Any CPU
	EndGlobalSection
	GlobalSection(SolutionProperties) = preSolution
		HideSolutionNode = FALSE
	EndGlobalSection
	GlobalSection(ExtensibilityGlobals) = postSolution
		SolutionGuid = {C808B023-BDA9-47BC-9C16-ECD5F17C0988}
	EndGlobalSection
EndGlobal
